// !$*UTF8*$!
{
	archiveVersion = 1;
	classes = {
	};
	objectVersion = 48;
	objects = {

/* Begin PBXBuildFile section */
		6F323F218F72BB4CD8140467 /* Pods_MatrixChat.framework in Frameworks */ = {isa = PBXBuildFile; fileRef = 87C78BD1ACCFA09819E1704E /* Pods_MatrixChat.framework */; };
		9D00751C1F45A8FC00BED7AB /* CreatePostVC.swift in Sources */ = {isa = PBXBuildFile; fileRef = 9D00751B1F45A8FC00BED7AB /* CreatePostVC.swift */; };
		9D00751E1F45AC1E00BED7AB /* UIViewExt.swift in Sources */ = {isa = PBXBuildFile; fileRef = 9D00751D1F45AC1E00BED7AB /* UIViewExt.swift */; };
		9D29EBD51F45D72400DB86F3 /* CreateGroupsVC.swift in Sources */ = {isa = PBXBuildFile; fileRef = 9D29EBD41F45D72300DB86F3 /* CreateGroupsVC.swift */; };
		9D4D7F8A1F443F5C00DB2892 /* AppDelegate.swift in Sources */ = {isa = PBXBuildFile; fileRef = 9D4D7F891F443F5C00DB2892 /* AppDelegate.swift */; };
		9D4D7F8C1F443F5C00DB2892 /* FeedVC.swift in Sources */ = {isa = PBXBuildFile; fileRef = 9D4D7F8B1F443F5C00DB2892 /* FeedVC.swift */; };
		9D4D7F8E1F443F5C00DB2892 /* GroupsVC.swift in Sources */ = {isa = PBXBuildFile; fileRef = 9D4D7F8D1F443F5C00DB2892 /* GroupsVC.swift */; };
		9D4D7F911F443F5C00DB2892 /* Main.storyboard in Resources */ = {isa = PBXBuildFile; fileRef = 9D4D7F8F1F443F5C00DB2892 /* Main.storyboard */; };
		9D4D7F931F443F5C00DB2892 /* Assets.xcassets in Resources */ = {isa = PBXBuildFile; fileRef = 9D4D7F921F443F5C00DB2892 /* Assets.xcassets */; };
		9D4D7F961F443F5C00DB2892 /* LaunchScreen.storyboard in Resources */ = {isa = PBXBuildFile; fileRef = 9D4D7F941F443F5C00DB2892 /* LaunchScreen.storyboard */; };
		9D73CF8D1F45B89700321C47 /* Message.swift in Sources */ = {isa = PBXBuildFile; fileRef = 9D73CF8C1F45B89700321C47 /* Message.swift */; };
		9D73CF911F45BFB900321C47 /* FeedCell.swift in Sources */ = {isa = PBXBuildFile; fileRef = 9D73CF901F45BFB900321C47 /* FeedCell.swift */; };
		9D9326ED1F45864C0031FA9C /* AuthService.swift in Sources */ = {isa = PBXBuildFile; fileRef = 9D9326EC1F45864C0031FA9C /* AuthService.swift */; };
		9D9413A01F45845800B32BA6 /* ShadowView.swift in Sources */ = {isa = PBXBuildFile; fileRef = 9D94139F1F45845800B32BA6 /* ShadowView.swift */; };
		9DC250E21F444433000BAC2F /* DataService.swift in Sources */ = {isa = PBXBuildFile; fileRef = 9DC250E11F444433000BAC2F /* DataService.swift */; };
		9DC250E41F445016000BAC2F /* GoogleService-Info.plist in Resources */ = {isa = PBXBuildFile; fileRef = 9DC250E31F445015000BAC2F /* GoogleService-Info.plist */; };
		9DC250E61F44567C000BAC2F /* AuthVC.swift in Sources */ = {isa = PBXBuildFile; fileRef = 9DC250E51F44567C000BAC2F /* AuthVC.swift */; };
		9DC250E81F4456B1000BAC2F /* LoginVC.swift in Sources */ = {isa = PBXBuildFile; fileRef = 9DC250E71F4456B1000BAC2F /* LoginVC.swift */; };
		9DC250EA1F445704000BAC2F /* InsetTextField.swift in Sources */ = {isa = PBXBuildFile; fileRef = 9DC250E91F445704000BAC2F /* InsetTextField.swift */; };
		9DCB0BE41F459F9B0095CCFB /* MeVC.swift in Sources */ = {isa = PBXBuildFile; fileRef = 9DCB0BE31F459F9B0095CCFB /* MeVC.swift */; };
/* End PBXBuildFile section */

/* Begin PBXFileReference section */
		0F41FF222E12E0B674D5439A /* Pods-MatrixChat.debug.xcconfig */ = {isa = PBXFileReference; includeInIndex = 1; lastKnownFileType = text.xcconfig; name = "Pods-MatrixChat.debug.xcconfig"; path = "Pods/Target Support Files/Pods-MatrixChat/Pods-MatrixChat.debug.xcconfig"; sourceTree = "<group>"; };
		87C78BD1ACCFA09819E1704E /* Pods_MatrixChat.framework */ = {isa = PBXFileReference; explicitFileType = wrapper.framework; includeInIndex = 0; path = Pods_MatrixChat.framework; sourceTree = BUILT_PRODUCTS_DIR; };
		9D00751B1F45A8FC00BED7AB /* CreatePostVC.swift */ = {isa = PBXFileReference; lastKnownFileType = sourcecode.swift; path = CreatePostVC.swift; sourceTree = "<group>"; };
		9D00751D1F45AC1E00BED7AB /* UIViewExt.swift */ = {isa = PBXFileReference; lastKnownFileType = sourcecode.swift; path = UIViewExt.swift; sourceTree = "<group>"; };
		9D29EBD41F45D72300DB86F3 /* CreateGroupsVC.swift */ = {isa = PBXFileReference; lastKnownFileType = sourcecode.swift; path = CreateGroupsVC.swift; sourceTree = "<group>"; };
		9D4D7F861F443F5C00DB2892 /* MatrixChat.app */ = {isa = PBXFileReference; explicitFileType = wrapper.application; includeInIndex = 0; path = MatrixChat.app; sourceTree = BUILT_PRODUCTS_DIR; };
		9D4D7F891F443F5C00DB2892 /* AppDelegate.swift */ = {isa = PBXFileReference; lastKnownFileType = sourcecode.swift; path = AppDelegate.swift; sourceTree = "<group>"; };
		9D4D7F8B1F443F5C00DB2892 /* FeedVC.swift */ = {isa = PBXFileReference; lastKnownFileType = sourcecode.swift; path = FeedVC.swift; sourceTree = "<group>"; };
		9D4D7F8D1F443F5C00DB2892 /* GroupsVC.swift */ = {isa = PBXFileReference; lastKnownFileType = sourcecode.swift; path = GroupsVC.swift; sourceTree = "<group>"; };
		9D4D7F901F443F5C00DB2892 /* Base */ = {isa = PBXFileReference; lastKnownFileType = file.storyboard; name = Base; path = Base.lproj/Main.storyboard; sourceTree = "<group>"; };
		9D4D7F921F443F5C00DB2892 /* Assets.xcassets */ = {isa = PBXFileReference; lastKnownFileType = folder.assetcatalog; path = Assets.xcassets; sourceTree = "<group>"; };
		9D4D7F951F443F5C00DB2892 /* Base */ = {isa = PBXFileReference; lastKnownFileType = file.storyboard; name = Base; path = Base.lproj/LaunchScreen.storyboard; sourceTree = "<group>"; };
		9D4D7F971F443F5C00DB2892 /* Info.plist */ = {isa = PBXFileReference; lastKnownFileType = text.plist.xml; path = Info.plist; sourceTree = "<group>"; };
		9D73CF8C1F45B89700321C47 /* Message.swift */ = {isa = PBXFileReference; lastKnownFileType = sourcecode.swift; path = Message.swift; sourceTree = "<group>"; };
		9D73CF901F45BFB900321C47 /* FeedCell.swift */ = {isa = PBXFileReference; lastKnownFileType = sourcecode.swift; path = FeedCell.swift; sourceTree = "<group>"; };
		9D9326EC1F45864C0031FA9C /* AuthService.swift */ = {isa = PBXFileReference; lastKnownFileType = sourcecode.swift; path = AuthService.swift; sourceTree = "<group>"; };
		9D94139F1F45845800B32BA6 /* ShadowView.swift */ = {isa = PBXFileReference; lastKnownFileType = sourcecode.swift; path = ShadowView.swift; sourceTree = "<group>"; };
		9DC250E11F444433000BAC2F /* DataService.swift */ = {isa = PBXFileReference; lastKnownFileType = sourcecode.swift; path = DataService.swift; sourceTree = "<group>"; };
		9DC250E31F445015000BAC2F /* GoogleService-Info.plist */ = {isa = PBXFileReference; fileEncoding = 4; lastKnownFileType = text.plist.xml; path = "GoogleService-Info.plist"; sourceTree = "<group>"; };
		9DC250E51F44567C000BAC2F /* AuthVC.swift */ = {isa = PBXFileReference; lastKnownFileType = sourcecode.swift; path = AuthVC.swift; sourceTree = "<group>"; };
		9DC250E71F4456B1000BAC2F /* LoginVC.swift */ = {isa = PBXFileReference; lastKnownFileType = sourcecode.swift; path = LoginVC.swift; sourceTree = "<group>"; };
		9DC250E91F445704000BAC2F /* InsetTextField.swift */ = {isa = PBXFileReference; lastKnownFileType = sourcecode.swift; path = InsetTextField.swift; sourceTree = "<group>"; };
		9DCB0BE31F459F9B0095CCFB /* MeVC.swift */ = {isa = PBXFileReference; lastKnownFileType = sourcecode.swift; path = MeVC.swift; sourceTree = "<group>"; };
		C9CFC2A326DC338A168B8BE3 /* Pods-MatrixChat.release.xcconfig */ = {isa = PBXFileReference; includeInIndex = 1; lastKnownFileType = text.xcconfig; name = "Pods-MatrixChat.release.xcconfig"; path = "Pods/Target Support Files/Pods-MatrixChat/Pods-MatrixChat.release.xcconfig"; sourceTree = "<group>"; };
/* End PBXFileReference section */

/* Begin PBXFrameworksBuildPhase section */
		9D4D7F831F443F5C00DB2892 /* Frameworks */ = {
			isa = PBXFrameworksBuildPhase;
			buildActionMask = 2147483647;
			files = (
				6F323F218F72BB4CD8140467 /* Pods_MatrixChat.framework in Frameworks */,
			);
			runOnlyForDeploymentPostprocessing = 0;
		};
/* End PBXFrameworksBuildPhase section */

/* Begin PBXGroup section */
		13176A4FF6DE1A08FD5CFBA2 /* Frameworks */ = {
			isa = PBXGroup;
			children = (
				87C78BD1ACCFA09819E1704E /* Pods_MatrixChat.framework */,
			);
			name = Frameworks;
			sourceTree = "<group>";
		};
		81398088899037B0C9FC94ED /* Pods */ = {
			isa = PBXGroup;
			children = (
				0F41FF222E12E0B674D5439A /* Pods-MatrixChat.debug.xcconfig */,
				C9CFC2A326DC338A168B8BE3 /* Pods-MatrixChat.release.xcconfig */,
			);
			name = Pods;
			sourceTree = "<group>";
		};
		9D4D7F7D1F443F5C00DB2892 = {
			isa = PBXGroup;
			children = (
				9D4D7F881F443F5C00DB2892 /* MatrixChat */,
				9D4D7F871F443F5C00DB2892 /* Products */,
				81398088899037B0C9FC94ED /* Pods */,
				13176A4FF6DE1A08FD5CFBA2 /* Frameworks */,
			);
			sourceTree = "<group>";
		};
		9D4D7F871F443F5C00DB2892 /* Products */ = {
			isa = PBXGroup;
			children = (
				9D4D7F861F443F5C00DB2892 /* MatrixChat.app */,
			);
			name = Products;
			sourceTree = "<group>";
		};
		9D4D7F881F443F5C00DB2892 /* MatrixChat */ = {
			isa = PBXGroup;
			children = (
				9D4D7FA11F44414800DB2892 /* Services */,
				9D4D7FA01F44411C00DB2892 /* Extensions */,
				9D4D7F9F1F4440FE00DB2892 /* Model */,
				9D4D7F9E1F4440F900DB2892 /* View */,
				9D4D7F9D1F4440ED00DB2892 /* Controller */,
				9D4D7F891F443F5C00DB2892 /* AppDelegate.swift */,
				9D4D7F8F1F443F5C00DB2892 /* Main.storyboard */,
				9D4D7F921F443F5C00DB2892 /* Assets.xcassets */,
				9D4D7F941F443F5C00DB2892 /* LaunchScreen.storyboard */,
				9D4D7F971F443F5C00DB2892 /* Info.plist */,
				9DC250E31F445015000BAC2F /* GoogleService-Info.plist */,
			);
			path = MatrixChat;
			sourceTree = "<group>";
		};
		9D4D7F9D1F4440ED00DB2892 /* Controller */ = {
			isa = PBXGroup;
			children = (
				9D4D7F8D1F443F5C00DB2892 /* GroupsVC.swift */,
				9D4D7F8B1F443F5C00DB2892 /* FeedVC.swift */,
				9DC250E51F44567C000BAC2F /* AuthVC.swift */,
				9DC250E71F4456B1000BAC2F /* LoginVC.swift */,
				9DCB0BE31F459F9B0095CCFB /* MeVC.swift */,
				9D00751B1F45A8FC00BED7AB /* CreatePostVC.swift */,
				9D29EBD41F45D72300DB86F3 /* CreateGroupsVC.swift */,
			);
			path = Controller;
			sourceTree = "<group>";
		};
		9D4D7F9E1F4440F900DB2892 /* View */ = {
			isa = PBXGroup;
			children = (
				9DC250E91F445704000BAC2F /* InsetTextField.swift */,
				9D94139F1F45845800B32BA6 /* ShadowView.swift */,
				9D73CF901F45BFB900321C47 /* FeedCell.swift */,
			);
			path = View;
			sourceTree = "<group>";
		};
		9D4D7F9F1F4440FE00DB2892 /* Model */ = {
			isa = PBXGroup;
			children = (
				9D73CF8C1F45B89700321C47 /* Message.swift */,
			);
			path = Model;
			sourceTree = "<group>";
		};
		9D4D7FA01F44411C00DB2892 /* Extensions */ = {
			isa = PBXGroup;
			children = (
				9D00751D1F45AC1E00BED7AB /* UIViewExt.swift */,
			);
			path = Extensions;
			sourceTree = "<group>";
		};
		9D4D7FA11F44414800DB2892 /* Services */ = {
			isa = PBXGroup;
			children = (
				9DC250E11F444433000BAC2F /* DataService.swift */,
				9D9326EC1F45864C0031FA9C /* AuthService.swift */,
			);
			path = Services;
			sourceTree = "<group>";
		};
/* End PBXGroup section */

/* Begin PBXNativeTarget section */
		9D4D7F851F443F5C00DB2892 /* MatrixChat */ = {
			isa = PBXNativeTarget;
			buildConfigurationList = 9D4D7F9A1F443F5C00DB2892 /* Build configuration list for PBXNativeTarget "MatrixChat" */;
			buildPhases = (
				C59A93C637C9386B062AAD0A /* [CP] Check Pods Manifest.lock */,
				9D4D7F821F443F5C00DB2892 /* Sources */,
				9D4D7F831F443F5C00DB2892 /* Frameworks */,
				9D4D7F841F443F5C00DB2892 /* Resources */,
				BC05A6CE1240A32AD622145B /* [CP] Embed Pods Frameworks */,
				3976C668F52FD3B97A1A46E9 /* [CP] Copy Pods Resources */,
			);
			buildRules = (
			);
			dependencies = (
			);
			name = MatrixChat;
			productName = MatrixChat;
			productReference = 9D4D7F861F443F5C00DB2892 /* MatrixChat.app */;
			productType = "com.apple.product-type.application";
		};
/* End PBXNativeTarget section */

/* Begin PBXProject section */
		9D4D7F7E1F443F5C00DB2892 /* Project object */ = {
			isa = PBXProject;
			attributes = {
				LastSwiftUpdateCheck = 0900;
				LastUpgradeCheck = 0900;
				ORGANIZATIONNAME = "Stefan Markovic";
				TargetAttributes = {
					9D4D7F851F443F5C00DB2892 = {
						CreatedOnToolsVersion = 9.0;
					};
				};
			};
			buildConfigurationList = 9D4D7F811F443F5C00DB2892 /* Build configuration list for PBXProject "MatrixChat" */;
			compatibilityVersion = "Xcode 8.0";
			developmentRegion = en;
			hasScannedForEncodings = 0;
			knownRegions = (
				en,
				Base,
			);
			mainGroup = 9D4D7F7D1F443F5C00DB2892;
			productRefGroup = 9D4D7F871F443F5C00DB2892 /* Products */;
			projectDirPath = "";
			projectRoot = "";
			targets = (
				9D4D7F851F443F5C00DB2892 /* MatrixChat */,
			);
		};
/* End PBXProject section */

/* Begin PBXResourcesBuildPhase section */
		9D4D7F841F443F5C00DB2892 /* Resources */ = {
			isa = PBXResourcesBuildPhase;
			buildActionMask = 2147483647;
			files = (
				9D4D7F961F443F5C00DB2892 /* LaunchScreen.storyboard in Resources */,
				9DC250E41F445016000BAC2F /* GoogleService-Info.plist in Resources */,
				9D4D7F931F443F5C00DB2892 /* Assets.xcassets in Resources */,
				9D4D7F911F443F5C00DB2892 /* Main.storyboard in Resources */,
			);
			runOnlyForDeploymentPostprocessing = 0;
		};
/* End PBXResourcesBuildPhase section */

/* Begin PBXShellScriptBuildPhase section */
		3976C668F52FD3B97A1A46E9 /* [CP] Copy Pods Resources */ = {
			isa = PBXShellScriptBuildPhase;
			buildActionMask = 2147483647;
			files = (
			);
			inputPaths = (
			);
			name = "[CP] Copy Pods Resources";
			outputPaths = (
			);
			runOnlyForDeploymentPostprocessing = 0;
			shellPath = /bin/sh;
			shellScript = "\"${SRCROOT}/Pods/Target Support Files/Pods-MatrixChat/Pods-MatrixChat-resources.sh\"\n";
			showEnvVarsInLog = 0;
		};
		BC05A6CE1240A32AD622145B /* [CP] Embed Pods Frameworks */ = {
			isa = PBXShellScriptBuildPhase;
			buildActionMask = 2147483647;
			files = (
			);
			inputPaths = (
			);
			name = "[CP] Embed Pods Frameworks";
			outputPaths = (
			);
			runOnlyForDeploymentPostprocessing = 0;
			shellPath = /bin/sh;
			shellScript = "\"${SRCROOT}/Pods/Target Support Files/Pods-MatrixChat/Pods-MatrixChat-frameworks.sh\"\n";
			showEnvVarsInLog = 0;
		};
		C59A93C637C9386B062AAD0A /* [CP] Check Pods Manifest.lock */ = {
			isa = PBXShellScriptBuildPhase;
			buildActionMask = 2147483647;
			files = (
			);
			inputPaths = (
			);
			name = "[CP] Check Pods Manifest.lock";
			outputPaths = (
			);
			runOnlyForDeploymentPostprocessing = 0;
			shellPath = /bin/sh;
			shellScript = "diff \"${PODS_PODFILE_DIR_PATH}/Podfile.lock\" \"${PODS_ROOT}/Manifest.lock\" > /dev/null\nif [ $? != 0 ] ; then\n    # print error to STDERR\n    echo \"error: The sandbox is not in sync with the Podfile.lock. Run 'pod install' or update your CocoaPods installation.\" >&2\n    exit 1\nfi\n";
			showEnvVarsInLog = 0;
		};
/* End PBXShellScriptBuildPhase section */

/* Begin PBXSourcesBuildPhase section */
		9D4D7F821F443F5C00DB2892 /* Sources */ = {
			isa = PBXSourcesBuildPhase;
			buildActionMask = 2147483647;
			files = (
				9D00751E1F45AC1E00BED7AB /* UIViewExt.swift in Sources */,
				9DCB0BE41F459F9B0095CCFB /* MeVC.swift in Sources */,
				9DC250E61F44567C000BAC2F /* AuthVC.swift in Sources */,
				9D4D7F8E1F443F5C00DB2892 /* GroupsVC.swift in Sources */,
				9DC250E81F4456B1000BAC2F /* LoginVC.swift in Sources */,
				9D9326ED1F45864C0031FA9C /* AuthService.swift in Sources */,
				9D4D7F8A1F443F5C00DB2892 /* AppDelegate.swift in Sources */,
				9D29EBD51F45D72400DB86F3 /* CreateGroupsVC.swift in Sources */,
				9D73CF911F45BFB900321C47 /* FeedCell.swift in Sources */,
				9D9413A01F45845800B32BA6 /* ShadowView.swift in Sources */,
				9D00751C1F45A8FC00BED7AB /* CreatePostVC.swift in Sources */,
				9D73CF8D1F45B89700321C47 /* Message.swift in Sources */,
				9D4D7F8C1F443F5C00DB2892 /* FeedVC.swift in Sources */,
				9DC250EA1F445704000BAC2F /* InsetTextField.swift in Sources */,
				9DC250E21F444433000BAC2F /* DataService.swift in Sources */,
			);
			runOnlyForDeploymentPostprocessing = 0;
		};
/* End PBXSourcesBuildPhase section */

/* Begin PBXVariantGroup section */
		9D4D7F8F1F443F5C00DB2892 /* Main.storyboard */ = {
			isa = PBXVariantGroup;
			children = (
				9D4D7F901F443F5C00DB2892 /* Base */,
			);
			name = Main.storyboard;
			sourceTree = "<group>";
		};
		9D4D7F941F443F5C00DB2892 /* LaunchScreen.storyboard */ = {
			isa = PBXVariantGroup;
			children = (
				9D4D7F951F443F5C00DB2892 /* Base */,
			);
			name = LaunchScreen.storyboard;
			sourceTree = "<group>";
		};
/* End PBXVariantGroup section */

/* Begin XCBuildConfiguration section */
		9D4D7F981F443F5C00DB2892 /* Debug */ = {
			isa = XCBuildConfiguration;
			buildSettings = {
				ALWAYS_SEARCH_USER_PATHS = NO;
				CLANG_ANALYZER_NONNULL = YES;
				CLANG_ANALYZER_NUMBER_OBJECT_CONVERSION = YES_AGGRESSIVE;
				CLANG_CXX_LANGUAGE_STANDARD = "gnu++14";
				CLANG_CXX_LIBRARY = "libc++";
				CLANG_ENABLE_MODULES = YES;
				CLANG_ENABLE_OBJC_ARC = YES;
				CLANG_WARN_BLOCK_CAPTURE_AUTORELEASING = YES;
				CLANG_WARN_BOOL_CONVERSION = YES;
				CLANG_WARN_COMMA = YES;
				CLANG_WARN_CONSTANT_CONVERSION = YES;
				CLANG_WARN_DIRECT_OBJC_ISA_USAGE = YES_ERROR;
				CLANG_WARN_DOCUMENTATION_COMMENTS = YES;
				CLANG_WARN_EMPTY_BODY = YES;
				CLANG_WARN_ENUM_CONVERSION = YES;
				CLANG_WARN_INFINITE_RECURSION = YES;
				CLANG_WARN_INT_CONVERSION = YES;
				CLANG_WARN_NON_LITERAL_NULL_CONVERSION = YES;
				CLANG_WARN_OBJC_LITERAL_CONVERSION = YES;
				CLANG_WARN_OBJC_ROOT_CLASS = YES_ERROR;
				CLANG_WARN_RANGE_LOOP_ANALYSIS = YES;
				CLANG_WARN_STRICT_PROTOTYPES = YES;
				CLANG_WARN_SUSPICIOUS_MOVE = YES;
				CLANG_WARN_UNGUARDED_AVAILABILITY = YES_AGGRESSIVE;
				CLANG_WARN_UNREACHABLE_CODE = YES;
				CLANG_WARN__DUPLICATE_METHOD_MATCH = YES;
				CODE_SIGN_IDENTITY = "iPhone Developer";
				COPY_PHASE_STRIP = NO;
				DEBUG_INFORMATION_FORMAT = dwarf;
				ENABLE_STRICT_OBJC_MSGSEND = YES;
				ENABLE_TESTABILITY = YES;
				GCC_C_LANGUAGE_STANDARD = gnu11;
				GCC_DYNAMIC_NO_PIC = NO;
				GCC_NO_COMMON_BLOCKS = YES;
				GCC_OPTIMIZATION_LEVEL = 0;
				GCC_PREPROCESSOR_DEFINITIONS = (
					"DEBUG=1",
					"$(inherited)",
				);
				GCC_WARN_64_TO_32_BIT_CONVERSION = YES;
				GCC_WARN_ABOUT_RETURN_TYPE = YES_ERROR;
				GCC_WARN_UNDECLARED_SELECTOR = YES;
				GCC_WARN_UNINITIALIZED_AUTOS = YES_AGGRESSIVE;
				GCC_WARN_UNUSED_FUNCTION = YES;
				GCC_WARN_UNUSED_VARIABLE = YES;
				IPHONEOS_DEPLOYMENT_TARGET = 11.0;
				MTL_ENABLE_DEBUG_INFO = YES;
				ONLY_ACTIVE_ARCH = YES;
				SDKROOT = iphoneos;
				SWIFT_ACTIVE_COMPILATION_CONDITIONS = DEBUG;
				SWIFT_OPTIMIZATION_LEVEL = "-Onone";
			};
			name = Debug;
		};
		9D4D7F991F443F5C00DB2892 /* Release */ = {
			isa = XCBuildConfiguration;
			buildSettings = {
				ALWAYS_SEARCH_USER_PATHS = NO;
				CLANG_ANALYZER_NONNULL = YES;
				CLANG_ANALYZER_NUMBER_OBJECT_CONVERSION = YES_AGGRESSIVE;
				CLANG_CXX_LANGUAGE_STANDARD = "gnu++14";
				CLANG_CXX_LIBRARY = "libc++";
				CLANG_ENABLE_MODULES = YES;
				CLANG_ENABLE_OBJC_ARC = YES;
				CLANG_WARN_BLOCK_CAPTURE_AUTORELEASING = YES;
				CLANG_WARN_BOOL_CONVERSION = YES;
				CLANG_WARN_COMMA = YES;
				CLANG_WARN_CONSTANT_CONVERSION = YES;
				CLANG_WARN_DIRECT_OBJC_ISA_USAGE = YES_ERROR;
				CLANG_WARN_DOCUMENTATION_COMMENTS = YES;
				CLANG_WARN_EMPTY_BODY = YES;
				CLANG_WARN_ENUM_CONVERSION = YES;
				CLANG_WARN_INFINITE_RECURSION = YES;
				CLANG_WARN_INT_CONVERSION = YES;
				CLANG_WARN_NON_LITERAL_NULL_CONVERSION = YES;
				CLANG_WARN_OBJC_LITERAL_CONVERSION = YES;
				CLANG_WARN_OBJC_ROOT_CLASS = YES_ERROR;
				CLANG_WARN_RANGE_LOOP_ANALYSIS = YES;
				CLANG_WARN_STRICT_PROTOTYPES = YES;
				CLANG_WARN_SUSPICIOUS_MOVE = YES;
				CLANG_WARN_UNGUARDED_AVAILABILITY = YES_AGGRESSIVE;
				CLANG_WARN_UNREACHABLE_CODE = YES;
				CLANG_WARN__DUPLICATE_METHOD_MATCH = YES;
				CODE_SIGN_IDENTITY = "iPhone Developer";
				COPY_PHASE_STRIP = NO;
				DEBUG_INFORMATION_FORMAT = "dwarf-with-dsym";
				ENABLE_NS_ASSERTIONS = NO;
				ENABLE_STRICT_OBJC_MSGSEND = YES;
				GCC_C_LANGUAGE_STANDARD = gnu11;
				GCC_NO_COMMON_BLOCKS = YES;
				GCC_WARN_64_TO_32_BIT_CONVERSION = YES;
				GCC_WARN_ABOUT_RETURN_TYPE = YES_ERROR;
				GCC_WARN_UNDECLARED_SELECTOR = YES;
				GCC_WARN_UNINITIALIZED_AUTOS = YES_AGGRESSIVE;
				GCC_WARN_UNUSED_FUNCTION = YES;
				GCC_WARN_UNUSED_VARIABLE = YES;
				IPHONEOS_DEPLOYMENT_TARGET = 11.0;
				MTL_ENABLE_DEBUG_INFO = NO;
				SDKROOT = iphoneos;
				SWIFT_OPTIMIZATION_LEVEL = "-Owholemodule";
				VALIDATE_PRODUCT = YES;
			};
			name = Release;
		};
		9D4D7F9B1F443F5C00DB2892 /* Debug */ = {
			isa = XCBuildConfiguration;
			baseConfigurationReference = 0F41FF222E12E0B674D5439A /* Pods-MatrixChat.debug.xcconfig */;
			buildSettings = {
				ASSETCATALOG_COMPILER_APPICON_NAME = AppIcon;
				DEVELOPMENT_TEAM = U52X69UCNJ;
				INFOPLIST_FILE = MatrixChat/Info.plist;
				IPHONEOS_DEPLOYMENT_TARGET = 10.3;
				LD_RUNPATH_SEARCH_PATHS = "$(inherited) @executable_path/Frameworks";
				PRODUCT_BUNDLE_IDENTIFIER = com.stefanmarkovic.MatrixChat;
				PRODUCT_NAME = "$(TARGET_NAME)";
				SWIFT_VERSION = 4.0;
				TARGETED_DEVICE_FAMILY = "1,2";
			};
			name = Debug;
		};
		9D4D7F9C1F443F5C00DB2892 /* Release */ = {
			isa = XCBuildConfiguration;
			baseConfigurationReference = C9CFC2A326DC338A168B8BE3 /* Pods-MatrixChat.release.xcconfig */;
			buildSettings = {
				ASSETCATALOG_COMPILER_APPICON_NAME = AppIcon;
				DEVELOPMENT_TEAM = U52X69UCNJ;
				INFOPLIST_FILE = MatrixChat/Info.plist;
				IPHONEOS_DEPLOYMENT_TARGET = 10.3;
				LD_RUNPATH_SEARCH_PATHS = "$(inherited) @executable_path/Frameworks";
				PRODUCT_BUNDLE_IDENTIFIER = com.stefanmarkovic.MatrixChat;
				PRODUCT_NAME = "$(TARGET_NAME)";
				SWIFT_VERSION = 4.0;
				TARGETED_DEVICE_FAMILY = "1,2";
			};
			name = Release;
		};
/* End XCBuildConfiguration section */

/* Begin XCConfigurationList section */
		9D4D7F811F443F5C00DB2892 /* Build configuration list for PBXProject "MatrixChat" */ = {
			isa = XCConfigurationList;
			buildConfigurations = (
				9D4D7F981F443F5C00DB2892 /* Debug */,
				9D4D7F991F443F5C00DB2892 /* Release */,
			);
			defaultConfigurationIsVisible = 0;
			defaultConfigurationName = Release;
		};
		9D4D7F9A1F443F5C00DB2892 /* Build configuration list for PBXNativeTarget "MatrixChat" */ = {
			isa = XCConfigurationList;
			buildConfigurations = (
				9D4D7F9B1F443F5C00DB2892 /* Debug */,
				9D4D7F9C1F443F5C00DB2892 /* Release */,
			);
			defaultConfigurationIsVisible = 0;
			defaultConfigurationName = Release;
		};
/* End XCConfigurationList section */
	};
	rootObject = 9D4D7F7E1F443F5C00DB2892 /* Project object */;
}
